
Microsoft Visual Studio Solution File, Format Version 12.00
# Visual Studio Version 16
VisualStudioVersion = 16.0.31005.135
MinimumVisualStudioVersion = 10.0.40219.1
Project("{6EC3EE1D-3C4E-46DD-8F32-0CC8E7565705}") = "Cos", "Cos\Cos.fsproj", "{4BAE5971-B7FA-4D18-9B88-6A28B5AF57DC}"
EndProject
Project("{F2A71F9B-5D33-465A-A702-920D77279786}") = "TestParser", "TestParser\TestParser.fsproj", "{D3F90193-9477-41C0-8F54-90AA282BEDF3}"
EndProject
Global
	GlobalSection(SolutionConfigurationPlatforms) = preSolution
		Debug|Any CPU = Debug|Any CPU
		Release|Any CPU = Release|Any CPU
	EndGlobalSection
	GlobalSection(ProjectConfigurationPlatforms) = postSolution
		{4BAE5971-B7FA-4D18-9B88-6A28B5AF57DC}.Debug|Any CPU.ActiveCfg = Debug|Any CPU
		{4BAE5971-B7FA-4D18-9B88-6A28B5AF57DC}.Debug|Any CPU.Build.0 = Debug|Any CPU
		{4BAE5971-B7FA-4D18-9B88-6A28B5AF57DC}.Release|Any CPU.ActiveCfg = Release|Any CPU
		{4BAE5971-B7FA-4D18-9B88-6A28B5AF57DC}.Release|Any CPU.Build.0 = Release|Any CPU
		{D3F90193-9477-41C0-8F54-90AA282BEDF3}.Debug|Any CPU.ActiveCfg = Debug|Any CPU
		{D3F90193-9477-41C0-8F54-90AA282BEDF3}.Debug|Any CPU.Build.0 = Debug|Any CPU
		{D3F90193-9477-41C0-8F54-90AA282BEDF3}.Release|Any CPU.ActiveCfg = Release|Any CPU
		{D3F90193-9477-41C0-8F54-90AA282BEDF3}.Release|Any CPU.Build.0 = Release|Any CPU
	EndGlobalSection
	GlobalSection(SolutionProperties) = preSolution
		HideSolutionNode = FALSE
	EndGlobalSection
	GlobalSection(ExtensibilityGlobals) = postSolution
		SolutionGuid = {C39ADEC4-34FB-46D5-ABCF-B4C140992CE2}
	EndGlobalSection
EndGlobal
